
Microsoft Visual Studio Solution File, Format Version 12.00
Project("{2150E333-8FDC-42A3-9474-1A3956D46DE8}") = "assets", "assets", "{BC375031-2F1B-440D-9F29-CD3CB9A5BD3E}"
ProjectSection(SolutionItems) = preProject
	.gitignore = .gitignore
	README.md = README.md
EndProjectSection
EndProject
Project("{FAE04EC0-301F-11D3-BF4B-00C04F79EFBC}") = "EfCoreTableHintDemo", "EfCoreTableHintDemo\EfCoreTableHintDemo.csproj", "{3EA86FF1-3F03-4CF8-8293-6FCFA18E314C}"
EndProject
Global
	GlobalSection(SolutionConfigurationPlatforms) = preSolution
		Debug|Any CPU = Debug|Any CPU
		Release|Any CPU = Release|Any CPU
	EndGlobalSection
	GlobalSection(ProjectConfigurationPlatforms) = postSolution
		{3EA86FF1-3F03-4CF8-8293-6FCFA18E314C}.Debug|Any CPU.ActiveCfg = Debug|Any CPU
		{3EA86FF1-3F03-4CF8-8293-6FCFA18E314C}.Debug|Any CPU.Build.0 = Debug|Any CPU
		{3EA86FF1-3F03-4CF8-8293-6FCFA18E314C}.Release|Any CPU.ActiveCfg = Release|Any CPU
		{3EA86FF1-3F03-4CF8-8293-6FCFA18E314C}.Release|Any CPU.Build.0 = Release|Any CPU
	EndGlobalSection
EndGlobal
